{
  "name": "deepcode-cli",
  "lockfileVersion": 3,
  "requires": true,
  "packages": {
    "": {
      "dependencies": {
        "@vegamo/deepcode-cli": "^0.1.33"
      }
    },
    "node_modules/@vegamo/deepcode-cli": {
      "version": "0.1.33",
      "resolved": "https://registry.npmjs.org/@vegamo/deepcode-cli/-/deepcode-cli-0.1.33.tgz",
      "integrity": "sha512-7JB8YfNWgB+r06sBzlVfnBVXGMbAADzuuW3k73uuLbX+LcKFz+8hKRXRzVFmClZzRLfPmg+8m623IPCAg+sK/w==",
      "license": "MIT",
      "bin": {
        "deepcode": "cli.js"
      },
      "engines": {
        "node": ">=22"
      }
    }
  }
}
