{
  "name": "whale",
  "version": "1.0.0",
  "lockfileVersion": 3,
  "requires": true,
  "packages": {
    "": {
      "name": "whale",
      "version": "1.0.0",
      "license": "ISC",
      "dependencies": {
        "@usewhale/whale": "^0.1.62"
      }
    },
    "node_modules/@usewhale/whale": {
      "version": "0.1.62",
      "resolved": "https://registry.npmjs.org/@usewhale/whale/-/whale-0.1.62.tgz",
      "integrity": "sha512-wrkhGamek7XQOwks9w/v01FZlBX66u6iD2DuEfKzciDzi4Hb/a0YYx7yudbNpg1ssp/r72G075ZkJXSGZtRqXw==",
      "license": "MIT",
      "bin": {
        "whale": "bin/whale.js"
      },
      "engines": {
        "node": ">=18"
      },
      "optionalDependencies": {
        "@usewhale/whale-darwin-arm64": "0.x.x",
        "@usewhale/whale-darwin-x64": "0.x.x",
        "@usewhale/whale-linux-arm64": "0.x.x",
        "@usewhale/whale-linux-x64": "0.x.x",
        "@usewhale/whale-win32-arm64": "0.x.x",
        "@usewhale/whale-win32-x64": "0.x.x"
      }
    },
    "node_modules/@usewhale/whale-darwin-arm64": {
      "version": "0.1.62",
      "resolved": "https://registry.npmjs.org/@usewhale/whale-darwin-arm64/-/whale-darwin-arm64-0.1.62.tgz",
      "integrity": "sha512-cTwW7yrixbGwwTv2iKghaHPegRueIEIvXoD78BQutavJAz8UnIecW1lx6nLqUW69TfCN0NPDFclmn5qKbuEm+A==",
      "cpu": [
        "arm64"
      ],
      "license": "MIT",
      "optional": true,
      "os": [
        "darwin"
      ]
    },
    "node_modules/@usewhale/whale-darwin-x64": {
      "version": "0.1.62",
      "resolved": "https://registry.npmjs.org/@usewhale/whale-darwin-x64/-/whale-darwin-x64-0.1.62.tgz",
      "integrity": "sha512-uc46EnEE/HWnZqcRL/5zBkSUzN1YDgXzOQQvtbo18H+yyP2QB/gqoPnzajV5eDcf26MbStCPSiqydH0PYovRQA==",
      "cpu": [
        "x64"
      ],
      "license": "MIT",
      "optional": true,
      "os": [
        "darwin"
      ]
    },
    "node_modules/@usewhale/whale-linux-arm64": {
      "version": "0.1.62",
      "resolved": "https://registry.npmjs.org/@usewhale/whale-linux-arm64/-/whale-linux-arm64-0.1.62.tgz",
      "integrity": "sha512-QYveJ1SJQBAjNf0VFBTooCBTrcMEX+BrtgCVoQBDZ6o52XeN1vi5ue+MQUnEbw4ihZ5OK2b6hyOUII9aLkIchg==",
      "cpu": [
        "arm64"
      ],
      "license": "MIT",
      "optional": true,
      "os": [
        "linux"
      ]
    },
    "node_modules/@usewhale/whale-linux-x64": {
      "version": "0.1.62",
      "resolved": "https://registry.npmjs.org/@usewhale/whale-linux-x64/-/whale-linux-x64-0.1.62.tgz",
      "integrity": "sha512-U4onsaWwWp0zmbj8Z0CTa8+aBsNgMoYwP4jHc2D0w1VpS2Zp5jMB7LliWKMPe4wFDVd3qURnGO3q3MDlHNe07g==",
      "cpu": [
        "x64"
      ],
      "license": "MIT",
      "optional": true,
      "os": [
        "linux"
      ]
    },
    "node_modules/@usewhale/whale-win32-arm64": {
      "version": "0.1.62",
      "resolved": "https://registry.npmjs.org/@usewhale/whale-win32-arm64/-/whale-win32-arm64-0.1.62.tgz",
      "integrity": "sha512-CIyQnNDL3QD8grSQshCfPeqkG7BU5X66+5f3b4l6y9XGG+4eRoH0A0w2wc1YbihCE8zownCRB67bF9/7Aw0ZRQ==",
      "cpu": [
        "arm64"
      ],
      "license": "MIT",
      "optional": true,
      "os": [
        "win32"
      ]
    },
    "node_modules/@usewhale/whale-win32-x64": {
      "version": "0.1.62",
      "resolved": "https://registry.npmjs.org/@usewhale/whale-win32-x64/-/whale-win32-x64-0.1.62.tgz",
      "integrity": "sha512-2bxzfZlHR43KRj2B9xWh2lIu/NHu6iJaY96UsoUWiSNzPKGE7GPQZ4rhfn+XWi+pB7Yhyi9TFL6aynIX4d4nVw==",
      "cpu": [
        "x64"
      ],
      "license": "MIT",
      "optional": true,
      "os": [
        "win32"
      ]
    }
  }
}
